
Microsoft Visual Studio Solution File, Format Version 12.00
# Visual Studio 15
VisualStudioVersion = 15.0.27004.2009
MinimumVisualStudioVersion = 10.0.40219.1
Project("{FAE04EC0-301F-11D3-BF4B-00C04F79EFBC}") = "QueueDemonstrate", "QueueDemonstrate\QueueDemonstrate.csproj", "{B85E104A-2DFA-4C06-97C5-443CD0D6CBE9}"
EndProject
Global
	GlobalSection(SolutionConfigurationPlatforms) = preSolution
		Debug|Any CPU = Debug|Any CPU
		Release|Any CPU = Release|Any CPU
	EndGlobalSection
	GlobalSection(ProjectConfigurationPlatforms) = postSolution
		{B85E104A-2DFA-4C06-97C5-443CD0D6CBE9}.Debug|Any CPU.ActiveCfg = Debug|Any CPU
		{B85E104A-2DFA-4C06-97C5-443CD0D6CBE9}.Debug|Any CPU.Build.0 = Debug|Any CPU
		{B85E104A-2DFA-4C06-97C5-443CD0D6CBE9}.Release|Any CPU.ActiveCfg = Release|Any CPU
		{B85E104A-2DFA-4C06-97C5-443CD0D6CBE9}.Release|Any CPU.Build.0 = Release|Any CPU
	EndGlobalSection
	GlobalSection(SolutionProperties) = preSolution
		HideSolutionNode = FALSE
	EndGlobalSection
	GlobalSection(ExtensibilityGlobals) = postSolution
		SolutionGuid = {DD206875-50E0-4E97-AFAA-DDC9FA88F81A}
	EndGlobalSection
EndGlobal
